# Generated by buf. DO NOT EDIT.
version: v2
deps:
  - name: buf.build/dizzrt/ellie
    commit: 1e020bbee6974c13861349355cfb268b
    digest: b5:a1188704cf79a2c78a76968ad8ed7eadfcba1dd03dd641cbf40df80872c5c46cb96a376281da925ac50fdd857edc8e7fbdb41dfd63475c510c3d9ee5ad8b88a8
  - name: buf.build/googleapis/googleapis
    commit: 004180b77378443887d3b55cabc00384
    digest: b5:e8f475fe3330f31f5fd86ac689093bcd274e19611a09db91f41d637cb9197881ce89882b94d13a58738e53c91c6e4bae7dc1feba85f590164c975a89e25115dc
  - name: buf.build/protocolbuffers/wellknowntypes
    commit: a4aee59cf3714106961b09d99b349cd1
    digest: b5:0bcf938c1c604919ccc4bee0b72b56ffe049fd043837b80aca7c89a984979e9b4913b4973166fa6e7895995b30da23daab6c83d9ba21d9d16ddc414bf25e3288
