# Generated by buf. DO NOT EDIT.
version: v2
deps:
  - name: buf.build/dizzrt/ellie
    commit: c48d82487e784b29a98ba928f08ba8f7
    digest: b5:ed2b7071fa4de2181be573892c3d239bd8c36c0a7abcf6f7150dd53a1e33d282ba7114925af3f2d10cb59057ab2c510805a05e22d98bd4ca59254ced10270c7a
  - name: buf.build/googleapis/googleapis
    commit: 004180b77378443887d3b55cabc00384
    digest: b5:e8f475fe3330f31f5fd86ac689093bcd274e19611a09db91f41d637cb9197881ce89882b94d13a58738e53c91c6e4bae7dc1feba85f590164c975a89e25115dc
  - name: buf.build/protocolbuffers/wellknowntypes
    commit: a4aee59cf3714106961b09d99b349cd1
    digest: b5:0bcf938c1c604919ccc4bee0b72b56ffe049fd043837b80aca7c89a984979e9b4913b4973166fa6e7895995b30da23daab6c83d9ba21d9d16ddc414bf25e3288
